// !$*UTF8*$!
{
	archiveVersion = 1;
	classes = {
	};
	objectVersion = 50;
	objects = {

/* Begin PBXBuildFile section */
		4975254421357E61000A47E5 /* AppDelegate.swift in Sources */ = {isa = PBXBuildFile; fileRef = 4975254321357E61000A47E5 /* AppDelegate.swift */; };
		4975254621357E61000A47E5 /* BooksListTableViewController.swift in Sources */ = {isa = PBXBuildFile; fileRef = 4975254521357E61000A47E5 /* BooksListTableViewController.swift */; };
		4975254921357E61000A47E5 /* Main.storyboard in Resources */ = {isa = PBXBuildFile; fileRef = 4975254721357E61000A47E5 /* Main.storyboard */; };
		4975254B21357E63000A47E5 /* Assets.xcassets in Resources */ = {isa = PBXBuildFile; fileRef = 4975254A21357E63000A47E5 /* Assets.xcassets */; };
		4975254E21357E63000A47E5 /* LaunchScreen.storyboard in Resources */ = {isa = PBXBuildFile; fileRef = 4975254C21357E63000A47E5 /* LaunchScreen.storyboard */; };
		4975255721357F50000A47E5 /* MNrecord.swift in Sources */ = {isa = PBXBuildFile; fileRef = 4975255621357F50000A47E5 /* MNrecord.swift */; };
		4975257521358C34000A47E5 /* Metadata+Tuple.swift in Sources */ = {isa = PBXBuildFile; fileRef = 4975255E21358C32000A47E5 /* Metadata+Tuple.swift */; };
		4975257621358C34000A47E5 /* UnsafePointer+Extensions.swift in Sources */ = {isa = PBXBuildFile; fileRef = 4975255F21358C32000A47E5 /* UnsafePointer+Extensions.swift */; };
		4975257721358C34000A47E5 /* Array+Extensions.swift in Sources */ = {isa = PBXBuildFile; fileRef = 4975256021358C32000A47E5 /* Array+Extensions.swift */; };
		4975257821358C34000A47E5 /* Metadata+Kind.swift in Sources */ = {isa = PBXBuildFile; fileRef = 4975256121358C32000A47E5 /* Metadata+Kind.swift */; };
		4975257921358C34000A47E5 /* MemoryProperties.swift in Sources */ = {isa = PBXBuildFile; fileRef = 4975256221358C32000A47E5 /* MemoryProperties.swift */; };
		4975257A21358C34000A47E5 /* Any+Extensions.swift in Sources */ = {isa = PBXBuildFile; fileRef = 4975256321358C32000A47E5 /* Any+Extensions.swift */; };
		4975257B21358C34000A47E5 /* Construct.swift in Sources */ = {isa = PBXBuildFile; fileRef = 4975256421358C32000A47E5 /* Construct.swift */; };
		4975257C21358C34000A47E5 /* Metadata+Struct.swift in Sources */ = {isa = PBXBuildFile; fileRef = 4975256521358C32000A47E5 /* Metadata+Struct.swift */; };
		4975257D21358C34000A47E5 /* Advance.swift in Sources */ = {isa = PBXBuildFile; fileRef = 4975256621358C32000A47E5 /* Advance.swift */; };
		4975257E21358C34000A47E5 /* NominalTypeDescriptor.swift in Sources */ = {isa = PBXBuildFile; fileRef = 4975256721358C32000A47E5 /* NominalTypeDescriptor.swift */; };
		4975257F21358C34000A47E5 /* PointerType.swift in Sources */ = {isa = PBXBuildFile; fileRef = 4975256821358C33000A47E5 /* PointerType.swift */; };
		4975258021358C34000A47E5 /* Storage.swift in Sources */ = {isa = PBXBuildFile; fileRef = 4975256921358C33000A47E5 /* Storage.swift */; };
		4975258121358C34000A47E5 /* MetadataType.swift in Sources */ = {isa = PBXBuildFile; fileRef = 4975256A21358C33000A47E5 /* MetadataType.swift */; };
		4975258221358C34000A47E5 /* Get.swift in Sources */ = {isa = PBXBuildFile; fileRef = 4975256B21358C33000A47E5 /* Get.swift */; };
		4975258321358C34000A47E5 /* NominalType.swift in Sources */ = {isa = PBXBuildFile; fileRef = 4975256C21358C33000A47E5 /* NominalType.swift */; };
		4975258421358C34000A47E5 /* Identity.swift in Sources */ = {isa = PBXBuildFile; fileRef = 4975256D21358C33000A47E5 /* Identity.swift */; };
		4975258521358C34000A47E5 /* Metadata.swift in Sources */ = {isa = PBXBuildFile; fileRef = 4975256E21358C33000A47E5 /* Metadata.swift */; };
		4975258621358C34000A47E5 /* ReflectionError.swift in Sources */ = {isa = PBXBuildFile; fileRef = 4975256F21358C33000A47E5 /* ReflectionError.swift */; };
		4975258721358C34000A47E5 /* ValueWitnessTable.swift in Sources */ = {isa = PBXBuildFile; fileRef = 4975257021358C33000A47E5 /* ValueWitnessTable.swift */; };
		4975258821358C34000A47E5 /* Metadata+Class.swift in Sources */ = {isa = PBXBuildFile; fileRef = 4975257121358C33000A47E5 /* Metadata+Class.swift */; };
		4975258A21358C34000A47E5 /* Set.swift in Sources */ = {isa = PBXBuildFile; fileRef = 4975257321358C33000A47E5 /* Set.swift */; };
		4975258B21358C34000A47E5 /* RelativePointer.swift in Sources */ = {isa = PBXBuildFile; fileRef = 4975257421358C34000A47E5 /* RelativePointer.swift */; };
		4975258D213591EB000A47E5 /* Properties.swift in Sources */ = {isa = PBXBuildFile; fileRef = 4975258C213591EB000A47E5 /* Properties.swift */; };
		4975258F21359828000A47E5 /* DatabaseObjects.swift in Sources */ = {isa = PBXBuildFile; fileRef = 4975258E21359828000A47E5 /* DatabaseObjects.swift */; };
		499CEAE5213ECC7900CEA848 /* booksList.kitab in Resources */ = {isa = PBXBuildFile; fileRef = 499CEAE2213ECB9E00CEA848 /* booksList.kitab */; };
		499CEAE6213ECC8E00CEA848 /* 1.kitab in Resources */ = {isa = PBXBuildFile; fileRef = 499CEAE1213ECB9E00CEA848 /* 1.kitab */; };
		49A3CEA12138213400F06188 /* MNDatabase.swift in Sources */ = {isa = PBXBuildFile; fileRef = 49A3CEA02138213400F06188 /* MNDatabase.swift */; };
		49A3CEA92138214700F06188 /* MNFile.swift in Sources */ = {isa = PBXBuildFile; fileRef = 49A3CEA82138214700F06188 /* MNFile.swift */; };
		49A6347F2141F36E0050A67E /* booksTests.swift in Sources */ = {isa = PBXBuildFile; fileRef = 49A6347E2141F36E0050A67E /* booksTests.swift */; };
		49C5E4402140385800ED9BF0 /* BookViewController.swift in Sources */ = {isa = PBXBuildFile; fileRef = 49C5E43F2140385800ED9BF0 /* BookViewController.swift */; };
		49C5E44321406A5B00ED9BF0 /* UthmanTN1 Ver10.otf in Resources */ = {isa = PBXBuildFile; fileRef = 49C5E44121406A5B00ED9BF0 /* UthmanTN1 Ver10.otf */; };
		49C5E44421406A5B00ED9BF0 /* UthmanTN1B Ver10.otf in Resources */ = {isa = PBXBuildFile; fileRef = 49C5E44221406A5B00ED9BF0 /* UthmanTN1B Ver10.otf */; };
		49C5E5532140ABD700ED9BF0 /* Connection.swift in Sources */ = {isa = PBXBuildFile; fileRef = 49C5E5342140ABD700ED9BF0 /* Connection.swift */; };
		49C5E5552140ABD700ED9BF0 /* Blob.swift in Sources */ = {isa = PBXBuildFile; fileRef = 49C5E5352140ABD700ED9BF0 /* Blob.swift */; };
		49C5E5572140ABD700ED9BF0 /* Errors.swift in Sources */ = {isa = PBXBuildFile; fileRef = 49C5E5362140ABD700ED9BF0 /* Errors.swift */; };
		49C5E5592140ABD700ED9BF0 /* Statement.swift in Sources */ = {isa = PBXBuildFile; fileRef = 49C5E5372140ABD700ED9BF0 /* Statement.swift */; };
		49C5E55B2140ABD700ED9BF0 /* Value.swift in Sources */ = {isa = PBXBuildFile; fileRef = 49C5E5382140ABD700ED9BF0 /* Value.swift */; };
		49C5E55D2140ABD700ED9BF0 /* Helpers.swift in Sources */ = {isa = PBXBuildFile; fileRef = 49C5E5392140ABD700ED9BF0 /* Helpers.swift */; };
		49C5E55F2140ABD700ED9BF0 /* Cipher.swift in Sources */ = {isa = PBXBuildFile; fileRef = 49C5E53B2140ABD700ED9BF0 /* Cipher.swift */; };
		49C5E5612140ABD700ED9BF0 /* RTree.swift in Sources */ = {isa = PBXBuildFile; fileRef = 49C5E53C2140ABD700ED9BF0 /* RTree.swift */; };
		49C5E5632140ABD700ED9BF0 /* FTS4.swift in Sources */ = {isa = PBXBuildFile; fileRef = 49C5E53D2140ABD700ED9BF0 /* FTS4.swift */; };
		49C5E5652140ABD700ED9BF0 /* FTS5.swift in Sources */ = {isa = PBXBuildFile; fileRef = 49C5E53E2140ABD700ED9BF0 /* FTS5.swift */; };
		49C5E5672140ABD700ED9BF0 /* Foundation.swift in Sources */ = {isa = PBXBuildFile; fileRef = 49C5E53F2140ABD700ED9BF0 /* Foundation.swift */; };
		49C5E5692140ABD700ED9BF0 /* Query.swift in Sources */ = {isa = PBXBuildFile; fileRef = 49C5E5422140ABD700ED9BF0 /* Query.swift */; };
		49C5E56B2140ABD700ED9BF0 /* Coding.swift in Sources */ = {isa = PBXBuildFile; fileRef = 49C5E5432140ABD700ED9BF0 /* Coding.swift */; };
		49C5E56D2140ABD700ED9BF0 /* Expression.swift in Sources */ = {isa = PBXBuildFile; fileRef = 49C5E5442140ABD700ED9BF0 /* Expression.swift */; };
		49C5E56F2140ABD700ED9BF0 /* CoreFunctions.swift in Sources */ = {isa = PBXBuildFile; fileRef = 49C5E5452140ABD700ED9BF0 /* CoreFunctions.swift */; };
		49C5E5712140ABD700ED9BF0 /* Collation.swift in Sources */ = {isa = PBXBuildFile; fileRef = 49C5E5462140ABD700ED9BF0 /* Collation.swift */; };
		49C5E5732140ABD700ED9BF0 /* CustomFunctions.swift in Sources */ = {isa = PBXBuildFile; fileRef = 49C5E5472140ABD700ED9BF0 /* CustomFunctions.swift */; };
		49C5E5752140ABD700ED9BF0 /* DateAndTimeFunctions.swift in Sources */ = {isa = PBXBuildFile; fileRef = 49C5E5482140ABD700ED9BF0 /* DateAndTimeFunctions.swift */; };
		49C5E5772140ABD700ED9BF0 /* Setter.swift in Sources */ = {isa = PBXBuildFile; fileRef = 49C5E5492140ABD700ED9BF0 /* Setter.swift */; };
		49C5E5792140ABD700ED9BF0 /* Operators.swift in Sources */ = {isa = PBXBuildFile; fileRef = 49C5E54A2140ABD700ED9BF0 /* Operators.swift */; };
		49C5E57B2140ABD700ED9BF0 /* Schema.swift in Sources */ = {isa = PBXBuildFile; fileRef = 49C5E54B2140ABD700ED9BF0 /* Schema.swift */; };
		49C5E57D2140ABD700ED9BF0 /* AggregateFunctions.swift in Sources */ = {isa = PBXBuildFile; fileRef = 49C5E54C2140ABD700ED9BF0 /* AggregateFunctions.swift */; };
		49C5E57F2140ABD700ED9BF0 /* Info.plist in Resources */ = {isa = PBXBuildFile; fileRef = 49C5E54D2140ABD700ED9BF0 /* Info.plist */; };
		49C5E5812140ABD700ED9BF0 /* SQLite-Bridging.m in Sources */ = {isa = PBXBuildFile; fileRef = 49C5E5512140ABD700ED9BF0 /* SQLite-Bridging.m */; };
		49C5E5A52141DE6400ED9BF0 /* MNRecordSet.swift in Sources */ = {isa = PBXBuildFile; fileRef = 49C5E5A42141DE6400ED9BF0 /* MNRecordSet.swift */; };
/* End PBXBuildFile section */

/* Begin PBXContainerItemProxy section */
		49A634812141F36E0050A67E /* PBXContainerItemProxy */ = {
			isa = PBXContainerItemProxy;
			containerPortal = 4975253821357E61000A47E5 /* Project object */;
			proxyType = 1;
			remoteGlobalIDString = 4975253F21357E61000A47E5;
			remoteInfo = books;
		};
/* End PBXContainerItemProxy section */

/* Begin PBXCopyFilesBuildPhase section */
		497525AD21359DAB000A47E5 /* Embed Frameworks */ = {
			isa = PBXCopyFilesBuildPhase;
			buildActionMask = 2147483647;
			dstPath = "";
			dstSubfolderSpec = 11;
			files = (
			);
			name = "Embed Frameworks";
			runOnlyForDeploymentPostprocessing = 0;
		};
/* End PBXCopyFilesBuildPhase section */

/* Begin PBXFileReference section */
		4975254021357E61000A47E5 /* books.app */ = {isa = PBXFileReference; explicitFileType = wrapper.application; includeInIndex = 0; path = books.app; sourceTree = BUILT_PRODUCTS_DIR; };
		4975254321357E61000A47E5 /* AppDelegate.swift */ = {isa = PBXFileReference; lastKnownFileType = sourcecode.swift; path = AppDelegate.swift; sourceTree = "<group>"; };
		4975254521357E61000A47E5 /* BooksListTableViewController.swift */ = {isa = PBXFileReference; lastKnownFileType = sourcecode.swift; path = BooksListTableViewController.swift; sourceTree = "<group>"; };
		4975254821357E61000A47E5 /* Base */ = {isa = PBXFileReference; lastKnownFileType = file.storyboard; name = Base; path = Base.lproj/Main.storyboard; sourceTree = "<group>"; };
		4975254A21357E63000A47E5 /* Assets.xcassets */ = {isa = PBXFileReference; lastKnownFileType = folder.assetcatalog; path = Assets.xcassets; sourceTree = "<group>"; };
		4975254D21357E63000A47E5 /* Base */ = {isa = PBXFileReference; lastKnownFileType = file.storyboard; name = Base; path = Base.lproj/LaunchScreen.storyboard; sourceTree = "<group>"; };
		4975254F21357E63000A47E5 /* Info.plist */ = {isa = PBXFileReference; lastKnownFileType = text.plist.xml; path = Info.plist; sourceTree = "<group>"; };
		4975255621357F50000A47E5 /* MNrecord.swift */ = {isa = PBXFileReference; lastKnownFileType = sourcecode.swift; path = MNrecord.swift; sourceTree = "<group>"; };
		4975255E21358C32000A47E5 /* Metadata+Tuple.swift */ = {isa = PBXFileReference; fileEncoding = 4; lastKnownFileType = sourcecode.swift; path = "Metadata+Tuple.swift"; sourceTree = "<group>"; };
		4975255F21358C32000A47E5 /* UnsafePointer+Extensions.swift */ = {isa = PBXFileReference; fileEncoding = 4; lastKnownFileType = sourcecode.swift; path = "UnsafePointer+Extensions.swift"; sourceTree = "<group>"; };
		4975256021358C32000A47E5 /* Array+Extensions.swift */ = {isa = PBXFileReference; fileEncoding = 4; lastKnownFileType = sourcecode.swift; path = "Array+Extensions.swift"; sourceTree = "<group>"; };
		4975256121358C32000A47E5 /* Metadata+Kind.swift */ = {isa = PBXFileReference; fileEncoding = 4; lastKnownFileType = sourcecode.swift; path = "Metadata+Kind.swift"; sourceTree = "<group>"; };
		4975256221358C32000A47E5 /* MemoryProperties.swift */ = {isa = PBXFileReference; fileEncoding = 4; lastKnownFileType = sourcecode.swift; path = MemoryProperties.swift; sourceTree = "<group>"; };
		4975256321358C32000A47E5 /* Any+Extensions.swift */ = {isa = PBXFileReference; fileEncoding = 4; lastKnownFileType = sourcecode.swift; path = "Any+Extensions.swift"; sourceTree = "<group>"; };
		4975256421358C32000A47E5 /* Construct.swift */ = {isa = PBXFileReference; fileEncoding = 4; lastKnownFileType = sourcecode.swift; path = Construct.swift; sourceTree = "<group>"; };
		4975256521358C32000A47E5 /* Metadata+Struct.swift */ = {isa = PBXFileReference; fileEncoding = 4; lastKnownFileType = sourcecode.swift; path = "Metadata+Struct.swift"; sourceTree = "<group>"; };
		4975256621358C32000A47E5 /* Advance.swift */ = {isa = PBXFileReference; fileEncoding = 4; lastKnownFileType = sourcecode.swift; path = Advance.swift; sourceTree = "<group>"; };
		4975256721358C32000A47E5 /* NominalTypeDescriptor.swift */ = {isa = PBXFileReference; fileEncoding = 4; lastKnownFileType = sourcecode.swift; path = NominalTypeDescriptor.swift; sourceTree = "<group>"; };
		4975256821358C33000A47E5 /* PointerType.swift */ = {isa = PBXFileReference; fileEncoding = 4; lastKnownFileType = sourcecode.swift; path = PointerType.swift; sourceTree = "<group>"; };
		4975256921358C33000A47E5 /* Storage.swift */ = {isa = PBXFileReference; fileEncoding = 4; lastKnownFileType = sourcecode.swift; path = Storage.swift; sourceTree = "<group>"; };
		4975256A21358C33000A47E5 /* MetadataType.swift */ = {isa = PBXFileReference; fileEncoding = 4; lastKnownFileType = sourcecode.swift; path = MetadataType.swift; sourceTree = "<group>"; };
		4975256B21358C33000A47E5 /* Get.swift */ = {isa = PBXFileReference; fileEncoding = 4; lastKnownFileType = sourcecode.swift; path = Get.swift; sourceTree = "<group>"; };
		4975256C21358C33000A47E5 /* NominalType.swift */ = {isa = PBXFileReference; fileEncoding = 4; lastKnownFileType = sourcecode.swift; path = NominalType.swift; sourceTree = "<group>"; };
		4975256D21358C33000A47E5 /* Identity.swift */ = {isa = PBXFileReference; fileEncoding = 4; lastKnownFileType = sourcecode.swift; path = Identity.swift; sourceTree = "<group>"; };
		4975256E21358C33000A47E5 /* Metadata.swift */ = {isa = PBXFileReference; fileEncoding = 4; lastKnownFileType = sourcecode.swift; path = Metadata.swift; sourceTree = "<group>"; };
		4975256F21358C33000A47E5 /* ReflectionError.swift */ = {isa = PBXFileReference; fileEncoding = 4; lastKnownFileType = sourcecode.swift; path = ReflectionError.swift; sourceTree = "<group>"; };
		4975257021358C33000A47E5 /* ValueWitnessTable.swift */ = {isa = PBXFileReference; fileEncoding = 4; lastKnownFileType = sourcecode.swift; path = ValueWitnessTable.swift; sourceTree = "<group>"; };
		4975257121358C33000A47E5 /* Metadata+Class.swift */ = {isa = PBXFileReference; fileEncoding = 4; lastKnownFileType = sourcecode.swift; path = "Metadata+Class.swift"; sourceTree = "<group>"; };
		4975257321358C33000A47E5 /* Set.swift */ = {isa = PBXFileReference; fileEncoding = 4; lastKnownFileType = sourcecode.swift; path = Set.swift; sourceTree = "<group>"; };
		4975257421358C34000A47E5 /* RelativePointer.swift */ = {isa = PBXFileReference; fileEncoding = 4; lastKnownFileType = sourcecode.swift; path = RelativePointer.swift; sourceTree = "<group>"; };
		4975258C213591EB000A47E5 /* Properties.swift */ = {isa = PBXFileReference; fileEncoding = 4; lastKnownFileType = sourcecode.swift; name = Properties.swift; path = "../../../../Downloads/Reflection-master/Sources/Reflection/Properties.swift"; sourceTree = "<group>"; };
		4975258E21359828000A47E5 /* DatabaseObjects.swift */ = {isa = PBXFileReference; lastKnownFileType = sourcecode.swift; path = DatabaseObjects.swift; sourceTree = "<group>"; };
		499CEAE1213ECB9E00CEA848 /* 1.kitab */ = {isa = PBXFileReference; lastKnownFileType = file; path = 1.kitab; sourceTree = "<group>"; };
		499CEAE2213ECB9E00CEA848 /* booksList.kitab */ = {isa = PBXFileReference; lastKnownFileType = file; path = booksList.kitab; sourceTree = "<group>"; };
		49A3CEA02138213400F06188 /* MNDatabase.swift */ = {isa = PBXFileReference; lastKnownFileType = sourcecode.swift; path = MNDatabase.swift; sourceTree = "<group>"; };
		49A3CEA82138214700F06188 /* MNFile.swift */ = {isa = PBXFileReference; lastKnownFileType = sourcecode.swift; path = MNFile.swift; sourceTree = "<group>"; };
		49A6347C2141F36E0050A67E /* booksTests.xctest */ = {isa = PBXFileReference; explicitFileType = wrapper.cfbundle; includeInIndex = 0; path = booksTests.xctest; sourceTree = BUILT_PRODUCTS_DIR; };
		49A6347E2141F36E0050A67E /* booksTests.swift */ = {isa = PBXFileReference; lastKnownFileType = sourcecode.swift; path = booksTests.swift; sourceTree = "<group>"; };
		49A634802141F36E0050A67E /* Info.plist */ = {isa = PBXFileReference; lastKnownFileType = text.plist.xml; path = Info.plist; sourceTree = "<group>"; };
		49C5E43F2140385800ED9BF0 /* BookViewController.swift */ = {isa = PBXFileReference; lastKnownFileType = sourcecode.swift; path = BookViewController.swift; sourceTree = "<group>"; };
		49C5E44121406A5B00ED9BF0 /* UthmanTN1 Ver10.otf */ = {isa = PBXFileReference; lastKnownFileType = file; path = "UthmanTN1 Ver10.otf"; sourceTree = "<group>"; };
		49C5E44221406A5B00ED9BF0 /* UthmanTN1B Ver10.otf */ = {isa = PBXFileReference; lastKnownFileType = file; path = "UthmanTN1B Ver10.otf"; sourceTree = "<group>"; };
		49C5E5342140ABD700ED9BF0 /* Connection.swift */ = {isa = PBXFileReference; fileEncoding = 4; lastKnownFileType = sourcecode.swift; path = Connection.swift; sourceTree = "<group>"; };
		49C5E5352140ABD700ED9BF0 /* Blob.swift */ = {isa = PBXFileReference; fileEncoding = 4; lastKnownFileType = sourcecode.swift; path = Blob.swift; sourceTree = "<group>"; };
		49C5E5362140ABD700ED9BF0 /* Errors.swift */ = {isa = PBXFileReference; fileEncoding = 4; lastKnownFileType = sourcecode.swift; path = Errors.swift; sourceTree = "<group>"; };
		49C5E5372140ABD700ED9BF0 /* Statement.swift */ = {isa = PBXFileReference; fileEncoding = 4; lastKnownFileType = sourcecode.swift; path = Statement.swift; sourceTree = "<group>"; };
		49C5E5382140ABD700ED9BF0 /* Value.swift */ = {isa = PBXFileReference; fileEncoding = 4; lastKnownFileType = sourcecode.swift; path = Value.swift; sourceTree = "<group>"; };
		49C5E5392140ABD700ED9BF0 /* Helpers.swift */ = {isa = PBXFileReference; fileEncoding = 4; lastKnownFileType = sourcecode.swift; path = Helpers.swift; sourceTree = "<group>"; };
		49C5E53B2140ABD700ED9BF0 /* Cipher.swift */ = {isa = PBXFileReference; fileEncoding = 4; lastKnownFileType = sourcecode.swift; path = Cipher.swift; sourceTree = "<group>"; };
		49C5E53C2140ABD700ED9BF0 /* RTree.swift */ = {isa = PBXFileReference; fileEncoding = 4; lastKnownFileType = sourcecode.swift; path = RTree.swift; sourceTree = "<group>"; };
		49C5E53D2140ABD700ED9BF0 /* FTS4.swift */ = {isa = PBXFileReference; fileEncoding = 4; lastKnownFileType = sourcecode.swift; path = FTS4.swift; sourceTree = "<group>"; };
		49C5E53E2140ABD700ED9BF0 /* FTS5.swift */ = {isa = PBXFileReference; fileEncoding = 4; lastKnownFileType = sourcecode.swift; path = FTS5.swift; sourceTree = "<group>"; };
		49C5E53F2140ABD700ED9BF0 /* Foundation.swift */ = {isa = PBXFileReference; fileEncoding = 4; lastKnownFileType = sourcecode.swift; path = Foundation.swift; sourceTree = "<group>"; };
		49C5E5402140ABD700ED9BF0 /* SQLite.h */ = {isa = PBXFileReference; fileEncoding = 4; lastKnownFileType = sourcecode.c.h; path = SQLite.h; sourceTree = "<group>"; };
		49C5E5422140ABD700ED9BF0 /* Query.swift */ = {isa = PBXFileReference; fileEncoding = 4; lastKnownFileType = sourcecode.swift; path = Query.swift; sourceTree = "<group>"; };
		49C5E5432140ABD700ED9BF0 /* Coding.swift */ = {isa = PBXFileReference; fileEncoding = 4; lastKnownFileType = sourcecode.swift; path = Coding.swift; sourceTree = "<group>"; };
		49C5E5442140ABD700ED9BF0 /* Expression.swift */ = {isa = PBXFileReference; fileEncoding = 4; lastKnownFileType = sourcecode.swift; path = Expression.swift; sourceTree = "<group>"; };
		49C5E5452140ABD700ED9BF0 /* CoreFunctions.swift */ = {isa = PBXFileReference; fileEncoding = 4; lastKnownFileType = sourcecode.swift; path = CoreFunctions.swift; sourceTree = "<group>"; };
		49C5E5462140ABD700ED9BF0 /* Collation.swift */ = {isa = PBXFileReference; fileEncoding = 4; lastKnownFileType = sourcecode.swift; path = Collation.swift; sourceTree = "<group>"; };
		49C5E5472140ABD700ED9BF0 /* CustomFunctions.swift */ = {isa = PBXFileReference; fileEncoding = 4; lastKnownFileType = sourcecode.swift; path = CustomFunctions.swift; sourceTree = "<group>"; };
		49C5E5482140ABD700ED9BF0 /* DateAndTimeFunctions.swift */ = {isa = PBXFileReference; fileEncoding = 4; lastKnownFileType = sourcecode.swift; path = DateAndTimeFunctions.swift; sourceTree = "<group>"; };
		49C5E5492140ABD700ED9BF0 /* Setter.swift */ = {isa = PBXFileReference; fileEncoding = 4; lastKnownFileType = sourcecode.swift; path = Setter.swift; sourceTree = "<group>"; };
		49C5E54A2140ABD700ED9BF0 /* Operators.swift */ = {isa = PBXFileReference; fileEncoding = 4; lastKnownFileType = sourcecode.swift; path = Operators.swift; sourceTree = "<group>"; };
		49C5E54B2140ABD700ED9BF0 /* Schema.swift */ = {isa = PBXFileReference; fileEncoding = 4; lastKnownFileType = sourcecode.swift; path = Schema.swift; sourceTree = "<group>"; };
		49C5E54C2140ABD700ED9BF0 /* AggregateFunctions.swift */ = {isa = PBXFileReference; fileEncoding = 4; lastKnownFileType = sourcecode.swift; path = AggregateFunctions.swift; sourceTree = "<group>"; };
		49C5E54D2140ABD700ED9BF0 /* Info.plist */ = {isa = PBXFileReference; fileEncoding = 4; lastKnownFileType = text.plist.xml; path = Info.plist; sourceTree = "<group>"; };
		49C5E5502140ABD700ED9BF0 /* SQLite-Bridging.h */ = {isa = PBXFileReference; fileEncoding = 4; lastKnownFileType = sourcecode.c.h; path = "SQLite-Bridging.h"; sourceTree = "<group>"; };
		49C5E5512140ABD700ED9BF0 /* SQLite-Bridging.m */ = {isa = PBXFileReference; fileEncoding = 4; lastKnownFileType = sourcecode.c.objc; path = "SQLite-Bridging.m"; sourceTree = "<group>"; };
		49C5E5522140ABD700ED9BF0 /* fts3_tokenizer.h */ = {isa = PBXFileReference; fileEncoding = 4; lastKnownFileType = sourcecode.c.h; path = fts3_tokenizer.h; sourceTree = "<group>"; };
		49C5E5A42141DE6400ED9BF0 /* MNRecordSet.swift */ = {isa = PBXFileReference; lastKnownFileType = sourcecode.swift; path = MNRecordSet.swift; sourceTree = "<group>"; };
/* End PBXFileReference section */

/* Begin PBXFrameworksBuildPhase section */
		4975253D21357E61000A47E5 /* Frameworks */ = {
			isa = PBXFrameworksBuildPhase;
			buildActionMask = 2147483647;
			files = (
			);
			runOnlyForDeploymentPostprocessing = 0;
		};
		49A634792141F36E0050A67E /* Frameworks */ = {
			isa = PBXFrameworksBuildPhase;
			buildActionMask = 2147483647;
			files = (
			);
			runOnlyForDeploymentPostprocessing = 0;
		};
/* End PBXFrameworksBuildPhase section */

/* Begin PBXGroup section */
		4975253721357E61000A47E5 = {
			isa = PBXGroup;
			children = (
				49C5E44121406A5B00ED9BF0 /* UthmanTN1 Ver10.otf */,
				49C5E44221406A5B00ED9BF0 /* UthmanTN1B Ver10.otf */,
				499CEAE1213ECB9E00CEA848 /* 1.kitab */,
				499CEAE2213ECB9E00CEA848 /* booksList.kitab */,
				4975254221357E61000A47E5 /* books */,
				49A6347D2141F36E0050A67E /* booksTests */,
				4975254121357E61000A47E5 /* Products */,
				4975255521357E8F000A47E5 /* suplimentair */,
				4975255821358941000A47E5 /* Frameworks */,
			);
			sourceTree = "<group>";
		};
		4975254121357E61000A47E5 /* Products */ = {
			isa = PBXGroup;
			children = (
				4975254021357E61000A47E5 /* books.app */,
				49A6347C2141F36E0050A67E /* booksTests.xctest */,
			);
			name = Products;
			sourceTree = "<group>";
		};
		4975254221357E61000A47E5 /* books */ = {
			isa = PBXGroup;
			children = (
				49C5E5322140ABD700ED9BF0 /* SQLite */,
				49C5E54E2140ABD700ED9BF0 /* SQLiteObjc */,
				49AF51A4213C3B2F00964DE0 /* database */,
				49AF51A3213C3AFB00964DE0 /* controller */,
				49AF51A2213C3AF100964DE0 /* view */,
				49AF51A1213C3AE800964DE0 /* modal */,
				4975255D21358C06000A47E5 /* reflection */,
				4975254F21357E63000A47E5 /* Info.plist */,
				49AF51A0213C3AC700964DE0 /* test */,
			);
			path = books;
			sourceTree = "<group>";
		};
		4975255521357E8F000A47E5 /* suplimentair */ = {
			isa = PBXGroup;
			children = (
				4975254A21357E63000A47E5 /* Assets.xcassets */,
				4975254C21357E63000A47E5 /* LaunchScreen.storyboard */,
				4975254321357E61000A47E5 /* AppDelegate.swift */,
			);
			path = suplimentair;
			sourceTree = "<group>";
		};
		4975255821358941000A47E5 /* Frameworks */ = {
			isa = PBXGroup;
			children = (
			);
			name = Frameworks;
			sourceTree = "<group>";
		};
		4975255D21358C06000A47E5 /* reflection */ = {
			isa = PBXGroup;
			children = (
				4975256621358C32000A47E5 /* Advance.swift */,
				4975256321358C32000A47E5 /* Any+Extensions.swift */,
				4975256021358C32000A47E5 /* Array+Extensions.swift */,
				4975256421358C32000A47E5 /* Construct.swift */,
				4975256B21358C33000A47E5 /* Get.swift */,
				4975256D21358C33000A47E5 /* Identity.swift */,
				4975256221358C32000A47E5 /* MemoryProperties.swift */,
				4975256E21358C33000A47E5 /* Metadata.swift */,
				4975257121358C33000A47E5 /* Metadata+Class.swift */,
				4975256121358C32000A47E5 /* Metadata+Kind.swift */,
				4975256521358C32000A47E5 /* Metadata+Struct.swift */,
				4975255E21358C32000A47E5 /* Metadata+Tuple.swift */,
				4975256A21358C33000A47E5 /* MetadataType.swift */,
				4975256C21358C33000A47E5 /* NominalType.swift */,
				4975258C213591EB000A47E5 /* Properties.swift */,
				4975256721358C32000A47E5 /* NominalTypeDescriptor.swift */,
				4975256821358C33000A47E5 /* PointerType.swift */,
				4975256F21358C33000A47E5 /* ReflectionError.swift */,
				4975257421358C34000A47E5 /* RelativePointer.swift */,
				4975257321358C33000A47E5 /* Set.swift */,
				4975256921358C33000A47E5 /* Storage.swift */,
				4975255F21358C32000A47E5 /* UnsafePointer+Extensions.swift */,
				4975257021358C33000A47E5 /* ValueWitnessTable.swift */,
			);
			path = reflection;
			sourceTree = "<group>";
		};
		49A6347D2141F36E0050A67E /* booksTests */ = {
			isa = PBXGroup;
			children = (
				49A6347E2141F36E0050A67E /* booksTests.swift */,
				49A634802141F36E0050A67E /* Info.plist */,
			);
			path = booksTests;
			sourceTree = "<group>";
		};
		49AF51A0213C3AC700964DE0 /* test */ = {
			isa = PBXGroup;
			children = (
			);
			path = test;
			sourceTree = "<group>";
		};
		49AF51A1213C3AE800964DE0 /* modal */ = {
			isa = PBXGroup;
			children = (
				4975258E21359828000A47E5 /* DatabaseObjects.swift */,
				49A3CEA82138214700F06188 /* MNFile.swift */,
				4975255621357F50000A47E5 /* MNrecord.swift */,
			);
			path = modal;
			sourceTree = "<group>";
		};
		49AF51A2213C3AF100964DE0 /* view */ = {
			isa = PBXGroup;
			children = (
				4975254721357E61000A47E5 /* Main.storyboard */,
			);
			path = view;
			sourceTree = "<group>";
		};
		49AF51A3213C3AFB00964DE0 /* controller */ = {
			isa = PBXGroup;
			children = (
				49C5E5A42141DE6400ED9BF0 /* MNRecordSet.swift */,
				4975254521357E61000A47E5 /* BooksListTableViewController.swift */,
				49C5E43F2140385800ED9BF0 /* BookViewController.swift */,
			);
			path = controller;
			sourceTree = "<group>";
		};
		49AF51A4213C3B2F00964DE0 /* database */ = {
			isa = PBXGroup;
			children = (
				49A3CEA02138213400F06188 /* MNDatabase.swift */,
			);
			path = database;
			sourceTree = "<group>";
		};
		49C5E5322140ABD700ED9BF0 /* SQLite */ = {
			isa = PBXGroup;
			children = (
				49C5E5332140ABD700ED9BF0 /* Core */,
				49C5E5392140ABD700ED9BF0 /* Helpers.swift */,
				49C5E53A2140ABD700ED9BF0 /* Extensions */,
				49C5E53F2140ABD700ED9BF0 /* Foundation.swift */,
				49C5E5402140ABD700ED9BF0 /* SQLite.h */,
				49C5E5412140ABD700ED9BF0 /* Typed */,
				49C5E54D2140ABD700ED9BF0 /* Info.plist */,
			);
			path = SQLite;
			sourceTree = "<group>";
		};
		49C5E5332140ABD700ED9BF0 /* Core */ = {
			isa = PBXGroup;
			children = (
				49C5E5342140ABD700ED9BF0 /* Connection.swift */,
				49C5E5352140ABD700ED9BF0 /* Blob.swift */,
				49C5E5362140ABD700ED9BF0 /* Errors.swift */,
				49C5E5372140ABD700ED9BF0 /* Statement.swift */,
				49C5E5382140ABD700ED9BF0 /* Value.swift */,
			);
			path = Core;
			sourceTree = "<group>";
		};
		49C5E53A2140ABD700ED9BF0 /* Extensions */ = {
			isa = PBXGroup;
			children = (
				49C5E53B2140ABD700ED9BF0 /* Cipher.swift */,
				49C5E53C2140ABD700ED9BF0 /* RTree.swift */,
				49C5E53D2140ABD700ED9BF0 /* FTS4.swift */,
				49C5E53E2140ABD700ED9BF0 /* FTS5.swift */,
			);
			path = Extensions;
			sourceTree = "<group>";
		};
		49C5E5412140ABD700ED9BF0 /* Typed */ = {
			isa = PBXGroup;
			children = (
				49C5E5422140ABD700ED9BF0 /* Query.swift */,
				49C5E5432140ABD700ED9BF0 /* Coding.swift */,
				49C5E5442140ABD700ED9BF0 /* Expression.swift */,
				49C5E5452140ABD700ED9BF0 /* CoreFunctions.swift */,
				49C5E5462140ABD700ED9BF0 /* Collation.swift */,
				49C5E5472140ABD700ED9BF0 /* CustomFunctions.swift */,
				49C5E5482140ABD700ED9BF0 /* DateAndTimeFunctions.swift */,
				49C5E5492140ABD700ED9BF0 /* Setter.swift */,
				49C5E54A2140ABD700ED9BF0 /* Operators.swift */,
				49C5E54B2140ABD700ED9BF0 /* Schema.swift */,
				49C5E54C2140ABD700ED9BF0 /* AggregateFunctions.swift */,
			);
			path = Typed;
			sourceTree = "<group>";
		};
		49C5E54E2140ABD700ED9BF0 /* SQLiteObjc */ = {
			isa = PBXGroup;
			children = (
				49C5E54F2140ABD700ED9BF0 /* include */,
				49C5E5512140ABD700ED9BF0 /* SQLite-Bridging.m */,
				49C5E5522140ABD700ED9BF0 /* fts3_tokenizer.h */,
			);
			path = SQLiteObjc;
			sourceTree = "<group>";
		};
		49C5E54F2140ABD700ED9BF0 /* include */ = {
			isa = PBXGroup;
			children = (
				49C5E5502140ABD700ED9BF0 /* SQLite-Bridging.h */,
			);
			path = include;
			sourceTree = "<group>";
		};
/* End PBXGroup section */

/* Begin PBXNativeTarget section */
		4975253F21357E61000A47E5 /* books */ = {
			isa = PBXNativeTarget;
			buildConfigurationList = 4975255221357E63000A47E5 /* Build configuration list for PBXNativeTarget "books" */;
			buildPhases = (
				4975253C21357E61000A47E5 /* Sources */,
				4975253D21357E61000A47E5 /* Frameworks */,
				4975253E21357E61000A47E5 /* Resources */,
				497525AD21359DAB000A47E5 /* Embed Frameworks */,
			);
			buildRules = (
			);
			dependencies = (
			);
			name = books;
			productName = books;
			productReference = 4975254021357E61000A47E5 /* books.app */;
			productType = "com.apple.product-type.application";
		};
		49A6347B2141F36E0050A67E /* booksTests */ = {
			isa = PBXNativeTarget;
			buildConfigurationList = 49A634832141F36E0050A67E /* Build configuration list for PBXNativeTarget "booksTests" */;
			buildPhases = (
				49A634782141F36E0050A67E /* Sources */,
				49A634792141F36E0050A67E /* Frameworks */,
				49A6347A2141F36E0050A67E /* Resources */,
			);
			buildRules = (
			);
			dependencies = (
				49A634822141F36E0050A67E /* PBXTargetDependency */,
			);
			name = booksTests;
			productName = booksTests;
			productReference = 49A6347C2141F36E0050A67E /* booksTests.xctest */;
			productType = "com.apple.product-type.bundle.unit-test";
		};
/* End PBXNativeTarget section */

/* Begin PBXProject section */
		4975253821357E61000A47E5 /* Project object */ = {
			isa = PBXProject;
			attributes = {
				LastSwiftUpdateCheck = 0940;
				LastUpgradeCheck = 0940;
				ORGANIZATIONNAME = merhab;
				TargetAttributes = {
					4975253F21357E61000A47E5 = {
						CreatedOnToolsVersion = 9.4.1;
					};
					49A6347B2141F36E0050A67E = {
						CreatedOnToolsVersion = 9.4.1;
						TestTargetID = 4975253F21357E61000A47E5;
					};
				};
			};
			buildConfigurationList = 4975253B21357E61000A47E5 /* Build configuration list for PBXProject "books" */;
			compatibilityVersion = "Xcode 9.3";
			developmentRegion = en;
			hasScannedForEncodings = 0;
			knownRegions = (
				en,
				Base,
			);
			mainGroup = 4975253721357E61000A47E5;
			productRefGroup = 4975254121357E61000A47E5 /* Products */;
			projectDirPath = "";
			projectRoot = "";
			targets = (
				4975253F21357E61000A47E5 /* books */,
				49A6347B2141F36E0050A67E /* booksTests */,
			);
		};
/* End PBXProject section */

/* Begin PBXResourcesBuildPhase section */
		4975253E21357E61000A47E5 /* Resources */ = {
			isa = PBXResourcesBuildPhase;
			buildActionMask = 2147483647;
			files = (
				49C5E57F2140ABD700ED9BF0 /* Info.plist in Resources */,
				49C5E44321406A5B00ED9BF0 /* UthmanTN1 Ver10.otf in Resources */,
				49C5E44421406A5B00ED9BF0 /* UthmanTN1B Ver10.otf in Resources */,
				4975254E21357E63000A47E5 /* LaunchScreen.storyboard in Resources */,
				4975254B21357E63000A47E5 /* Assets.xcassets in Resources */,
				499CEAE5213ECC7900CEA848 /* booksList.kitab in Resources */,
				4975254921357E61000A47E5 /* Main.storyboard in Resources */,
				499CEAE6213ECC8E00CEA848 /* 1.kitab in Resources */,
			);
			runOnlyForDeploymentPostprocessing = 0;
		};
		49A6347A2141F36E0050A67E /* Resources */ = {
			isa = PBXResourcesBuildPhase;
			buildActionMask = 2147483647;
			files = (
			);
			runOnlyForDeploymentPostprocessing = 0;
		};
/* End PBXResourcesBuildPhase section */

/* Begin PBXSourcesBuildPhase section */
		4975253C21357E61000A47E5 /* Sources */ = {
			isa = PBXSourcesBuildPhase;
			buildActionMask = 2147483647;
			files = (
				4975258721358C34000A47E5 /* ValueWitnessTable.swift in Sources */,
				4975258821358C34000A47E5 /* Metadata+Class.swift in Sources */,
				49C5E55F2140ABD700ED9BF0 /* Cipher.swift in Sources */,
				49C5E5712140ABD700ED9BF0 /* Collation.swift in Sources */,
				49C5E5A52141DE6400ED9BF0 /* MNRecordSet.swift in Sources */,
				49C5E55B2140ABD700ED9BF0 /* Value.swift in Sources */,
				4975258A21358C34000A47E5 /* Set.swift in Sources */,
				4975257D21358C34000A47E5 /* Advance.swift in Sources */,
				49C5E5552140ABD700ED9BF0 /* Blob.swift in Sources */,
				49C5E5772140ABD700ED9BF0 /* Setter.swift in Sources */,
				49C5E5812140ABD700ED9BF0 /* SQLite-Bridging.m in Sources */,
				49C5E5532140ABD700ED9BF0 /* Connection.swift in Sources */,
				49C5E5612140ABD700ED9BF0 /* RTree.swift in Sources */,
				49A3CEA92138214700F06188 /* MNFile.swift in Sources */,
				49C5E57B2140ABD700ED9BF0 /* Schema.swift in Sources */,
				49C5E5572140ABD700ED9BF0 /* Errors.swift in Sources */,
				4975258B21358C34000A47E5 /* RelativePointer.swift in Sources */,
				4975257B21358C34000A47E5 /* Construct.swift in Sources */,
				4975257921358C34000A47E5 /* MemoryProperties.swift in Sources */,
				49C5E5592140ABD700ED9BF0 /* Statement.swift in Sources */,
				4975257821358C34000A47E5 /* Metadata+Kind.swift in Sources */,
				4975257621358C34000A47E5 /* UnsafePointer+Extensions.swift in Sources */,
				4975254621357E61000A47E5 /* BooksListTableViewController.swift in Sources */,
				4975258521358C34000A47E5 /* Metadata.swift in Sources */,
				49A3CEA12138213400F06188 /* MNDatabase.swift in Sources */,
				4975258421358C34000A47E5 /* Identity.swift in Sources */,
				49C5E56F2140ABD700ED9BF0 /* CoreFunctions.swift in Sources */,
				4975257F21358C34000A47E5 /* PointerType.swift in Sources */,
				49C5E5692140ABD700ED9BF0 /* Query.swift in Sources */,
				49C5E57D2140ABD700ED9BF0 /* AggregateFunctions.swift in Sources */,
				4975258221358C34000A47E5 /* Get.swift in Sources */,
				4975258121358C34000A47E5 /* MetadataType.swift in Sources */,
				4975257721358C34000A47E5 /* Array+Extensions.swift in Sources */,
				4975255721357F50000A47E5 /* MNrecord.swift in Sources */,
				49C5E56D2140ABD700ED9BF0 /* Expression.swift in Sources */,
				49C5E5752140ABD700ED9BF0 /* DateAndTimeFunctions.swift in Sources */,
				49C5E5732140ABD700ED9BF0 /* CustomFunctions.swift in Sources */,
				4975258D213591EB000A47E5 /* Properties.swift in Sources */,
				4975257E21358C34000A47E5 /* NominalTypeDescriptor.swift in Sources */,
				4975254421357E61000A47E5 /* AppDelegate.swift in Sources */,
				4975257C21358C34000A47E5 /* Metadata+Struct.swift in Sources */,
				49C5E56B2140ABD700ED9BF0 /* Coding.swift in Sources */,
				49C5E5672140ABD700ED9BF0 /* Foundation.swift in Sources */,
				4975258621358C34000A47E5 /* ReflectionError.swift in Sources */,
				49C5E5652140ABD700ED9BF0 /* FTS5.swift in Sources */,
				49C5E5792140ABD700ED9BF0 /* Operators.swift in Sources */,
				4975258321358C34000A47E5 /* NominalType.swift in Sources */,
				49C5E5632140ABD700ED9BF0 /* FTS4.swift in Sources */,
				4975258F21359828000A47E5 /* DatabaseObjects.swift in Sources */,
				49C5E55D2140ABD700ED9BF0 /* Helpers.swift in Sources */,
				4975258021358C34000A47E5 /* Storage.swift in Sources */,
				49C5E4402140385800ED9BF0 /* BookViewController.swift in Sources */,
				4975257A21358C34000A47E5 /* Any+Extensions.swift in Sources */,
				4975257521358C34000A47E5 /* Metadata+Tuple.swift in Sources */,
			);
			runOnlyForDeploymentPostprocessing = 0;
		};
		49A634782141F36E0050A67E /* Sources */ = {
			isa = PBXSourcesBuildPhase;
			buildActionMask = 2147483647;
			files = (
				49A6347F2141F36E0050A67E /* booksTests.swift in Sources */,
			);
			runOnlyForDeploymentPostprocessing = 0;
		};
/* End PBXSourcesBuildPhase section */

/* Begin PBXTargetDependency section */
		49A634822141F36E0050A67E /* PBXTargetDependency */ = {
			isa = PBXTargetDependency;
			target = 4975253F21357E61000A47E5 /* books */;
			targetProxy = 49A634812141F36E0050A67E /* PBXContainerItemProxy */;
		};
/* End PBXTargetDependency section */

/* Begin PBXVariantGroup section */
		4975254721357E61000A47E5 /* Main.storyboard */ = {
			isa = PBXVariantGroup;
			children = (
				4975254821357E61000A47E5 /* Base */,
			);
			name = Main.storyboard;
			sourceTree = "<group>";
		};
		4975254C21357E63000A47E5 /* LaunchScreen.storyboard */ = {
			isa = PBXVariantGroup;
			children = (
				4975254D21357E63000A47E5 /* Base */,
			);
			name = LaunchScreen.storyboard;
			sourceTree = "<group>";
		};
/* End PBXVariantGroup section */

/* Begin XCBuildConfiguration section */
		4975255021357E63000A47E5 /* Debug */ = {
			isa = XCBuildConfiguration;
			buildSettings = {
				ALWAYS_SEARCH_USER_PATHS = NO;
				CLANG_ANALYZER_NONNULL = YES;
				CLANG_ANALYZER_NUMBER_OBJECT_CONVERSION = YES_AGGRESSIVE;
				CLANG_CXX_LANGUAGE_STANDARD = "gnu++14";
				CLANG_CXX_LIBRARY = "libc++";
				CLANG_ENABLE_MODULES = YES;
				CLANG_ENABLE_OBJC_ARC = YES;
				CLANG_ENABLE_OBJC_WEAK = YES;
				CLANG_WARN_BLOCK_CAPTURE_AUTORELEASING = YES;
				CLANG_WARN_BOOL_CONVERSION = YES;
				CLANG_WARN_COMMA = YES;
				CLANG_WARN_CONSTANT_CONVERSION = YES;
				CLANG_WARN_DEPRECATED_OBJC_IMPLEMENTATIONS = YES;
				CLANG_WARN_DIRECT_OBJC_ISA_USAGE = YES_ERROR;
				CLANG_WARN_DOCUMENTATION_COMMENTS = YES;
				CLANG_WARN_EMPTY_BODY = YES;
				CLANG_WARN_ENUM_CONVERSION = YES;
				CLANG_WARN_INFINITE_RECURSION = YES;
				CLANG_WARN_INT_CONVERSION = YES;
				CLANG_WARN_NON_LITERAL_NULL_CONVERSION = YES;
				CLANG_WARN_OBJC_IMPLICIT_RETAIN_SELF = YES;
				CLANG_WARN_OBJC_LITERAL_CONVERSION = YES;
				CLANG_WARN_OBJC_ROOT_CLASS = YES_ERROR;
				CLANG_WARN_RANGE_LOOP_ANALYSIS = YES;
				CLANG_WARN_STRICT_PROTOTYPES = YES;
				CLANG_WARN_SUSPICIOUS_MOVE = YES;
				CLANG_WARN_UNGUARDED_AVAILABILITY = YES_AGGRESSIVE;
				CLANG_WARN_UNREACHABLE_CODE = YES;
				CLANG_WARN__DUPLICATE_METHOD_MATCH = YES;
				CODE_SIGN_IDENTITY = "iPhone Developer";
				COPY_PHASE_STRIP = NO;
				DEBUG_INFORMATION_FORMAT = dwarf;
				ENABLE_STRICT_OBJC_MSGSEND = YES;
				ENABLE_TESTABILITY = YES;
				GCC_C_LANGUAGE_STANDARD = gnu11;
				GCC_DYNAMIC_NO_PIC = NO;
				GCC_NO_COMMON_BLOCKS = YES;
				GCC_OPTIMIZATION_LEVEL = 0;
				GCC_PREPROCESSOR_DEFINITIONS = (
					"DEBUG=1",
					"$(inherited)",
				);
				GCC_WARN_64_TO_32_BIT_CONVERSION = YES;
				GCC_WARN_ABOUT_RETURN_TYPE = YES_ERROR;
				GCC_WARN_UNDECLARED_SELECTOR = YES;
				GCC_WARN_UNINITIALIZED_AUTOS = YES_AGGRESSIVE;
				GCC_WARN_UNUSED_FUNCTION = YES;
				GCC_WARN_UNUSED_VARIABLE = YES;
				IPHONEOS_DEPLOYMENT_TARGET = 11.4;
				MTL_ENABLE_DEBUG_INFO = YES;
				ONLY_ACTIVE_ARCH = YES;
				SDKROOT = iphoneos;
				SWIFT_ACTIVE_COMPILATION_CONDITIONS = DEBUG;
				SWIFT_OPTIMIZATION_LEVEL = "-Onone";
			};
			name = Debug;
		};
		4975255121357E63000A47E5 /* Release */ = {
			isa = XCBuildConfiguration;
			buildSettings = {
				ALWAYS_SEARCH_USER_PATHS = NO;
				CLANG_ANALYZER_NONNULL = YES;
				CLANG_ANALYZER_NUMBER_OBJECT_CONVERSION = YES_AGGRESSIVE;
				CLANG_CXX_LANGUAGE_STANDARD = "gnu++14";
				CLANG_CXX_LIBRARY = "libc++";
				CLANG_ENABLE_MODULES = YES;
				CLANG_ENABLE_OBJC_ARC = YES;
				CLANG_ENABLE_OBJC_WEAK = YES;
				CLANG_WARN_BLOCK_CAPTURE_AUTORELEASING = YES;
				CLANG_WARN_BOOL_CONVERSION = YES;
				CLANG_WARN_COMMA = YES;
				CLANG_WARN_CONSTANT_CONVERSION = YES;
				CLANG_WARN_DEPRECATED_OBJC_IMPLEMENTATIONS = YES;
				CLANG_WARN_DIRECT_OBJC_ISA_USAGE = YES_ERROR;
				CLANG_WARN_DOCUMENTATION_COMMENTS = YES;
				CLANG_WARN_EMPTY_BODY = YES;
				CLANG_WARN_ENUM_CONVERSION = YES;
				CLANG_WARN_INFINITE_RECURSION = YES;
				CLANG_WARN_INT_CONVERSION = YES;
				CLANG_WARN_NON_LITERAL_NULL_CONVERSION = YES;
				CLANG_WARN_OBJC_IMPLICIT_RETAIN_SELF = YES;
				CLANG_WARN_OBJC_LITERAL_CONVERSION = YES;
				CLANG_WARN_OBJC_ROOT_CLASS = YES_ERROR;
				CLANG_WARN_RANGE_LOOP_ANALYSIS = YES;
				CLANG_WARN_STRICT_PROTOTYPES = YES;
				CLANG_WARN_SUSPICIOUS_MOVE = YES;
				CLANG_WARN_UNGUARDED_AVAILABILITY = YES_AGGRESSIVE;
				CLANG_WARN_UNREACHABLE_CODE = YES;
				CLANG_WARN__DUPLICATE_METHOD_MATCH = YES;
				CODE_SIGN_IDENTITY = "iPhone Developer";
				COPY_PHASE_STRIP = NO;
				DEBUG_INFORMATION_FORMAT = "dwarf-with-dsym";
				ENABLE_NS_ASSERTIONS = NO;
				ENABLE_STRICT_OBJC_MSGSEND = YES;
				GCC_C_LANGUAGE_STANDARD = gnu11;
				GCC_NO_COMMON_BLOCKS = YES;
				GCC_WARN_64_TO_32_BIT_CONVERSION = YES;
				GCC_WARN_ABOUT_RETURN_TYPE = YES_ERROR;
				GCC_WARN_UNDECLARED_SELECTOR = YES;
				GCC_WARN_UNINITIALIZED_AUTOS = YES_AGGRESSIVE;
				GCC_WARN_UNUSED_FUNCTION = YES;
				GCC_WARN_UNUSED_VARIABLE = YES;
				IPHONEOS_DEPLOYMENT_TARGET = 11.4;
				MTL_ENABLE_DEBUG_INFO = NO;
				SDKROOT = iphoneos;
				SWIFT_COMPILATION_MODE = wholemodule;
				SWIFT_OPTIMIZATION_LEVEL = "-O";
				VALIDATE_PRODUCT = YES;
			};
			name = Release;
		};
		4975255321357E63000A47E5 /* Debug */ = {
			isa = XCBuildConfiguration;
			buildSettings = {
				ALWAYS_EMBED_SWIFT_STANDARD_LIBRARIES = YES;
				ASSETCATALOG_COMPILER_APPICON_NAME = AppIcon;
				CODE_SIGN_STYLE = Automatic;
				DEVELOPMENT_TEAM = TSK3U7V2QW;
				FRAMEWORK_SEARCH_PATHS = (
					"$(inherited)",
					"$(PROJECT_DIR)",
				);
				INFOPLIST_FILE = books/Info.plist;
				LD_RUNPATH_SEARCH_PATHS = (
					"$(inherited)",
					"@executable_path/Frameworks",
				);
				PRODUCT_BUNDLE_IDENTIFIER = com.merhab.books;
				PRODUCT_NAME = "$(TARGET_NAME)";
				SWIFT_VERSION = 4.0;
				TARGETED_DEVICE_FAMILY = "1,2";
			};
			name = Debug;
		};
		4975255421357E63000A47E5 /* Release */ = {
			isa = XCBuildConfiguration;
			buildSettings = {
				ALWAYS_EMBED_SWIFT_STANDARD_LIBRARIES = YES;
				ASSETCATALOG_COMPILER_APPICON_NAME = AppIcon;
				CODE_SIGN_STYLE = Automatic;
				DEVELOPMENT_TEAM = TSK3U7V2QW;
				FRAMEWORK_SEARCH_PATHS = (
					"$(inherited)",
					"$(PROJECT_DIR)",
				);
				INFOPLIST_FILE = books/Info.plist;
				LD_RUNPATH_SEARCH_PATHS = (
					"$(inherited)",
					"@executable_path/Frameworks",
				);
				PRODUCT_BUNDLE_IDENTIFIER = com.merhab.books;
				PRODUCT_NAME = "$(TARGET_NAME)";
				SWIFT_VERSION = 4.0;
				TARGETED_DEVICE_FAMILY = "1,2";
			};
			name = Release;
		};
		49A634842141F36E0050A67E /* Debug */ = {
			isa = XCBuildConfiguration;
			buildSettings = {
				BUNDLE_LOADER = "$(TEST_HOST)";
				CODE_SIGN_STYLE = Automatic;
				DEVELOPMENT_TEAM = TSK3U7V2QW;
				INFOPLIST_FILE = booksTests/Info.plist;
				LD_RUNPATH_SEARCH_PATHS = (
					"$(inherited)",
					"@executable_path/Frameworks",
					"@loader_path/Frameworks",
				);
				PRODUCT_BUNDLE_IDENTIFIER = com.merhab.booksTests;
				PRODUCT_NAME = "$(TARGET_NAME)";
				SWIFT_VERSION = 4.0;
				TARGETED_DEVICE_FAMILY = "1,2";
				TEST_HOST = "$(BUILT_PRODUCTS_DIR)/books.app/books";
			};
			name = Debug;
		};
		49A634852141F36E0050A67E /* Release */ = {
			isa = XCBuildConfiguration;
			buildSettings = {
				BUNDLE_LOADER = "$(TEST_HOST)";
				CODE_SIGN_STYLE = Automatic;
				DEVELOPMENT_TEAM = TSK3U7V2QW;
				INFOPLIST_FILE = booksTests/Info.plist;
				LD_RUNPATH_SEARCH_PATHS = (
					"$(inherited)",
					"@executable_path/Frameworks",
					"@loader_path/Frameworks",
				);
				PRODUCT_BUNDLE_IDENTIFIER = com.merhab.booksTests;
				PRODUCT_NAME = "$(TARGET_NAME)";
				SWIFT_VERSION = 4.0;
				TARGETED_DEVICE_FAMILY = "1,2";
				TEST_HOST = "$(BUILT_PRODUCTS_DIR)/books.app/books";
			};
			name = Release;
		};
/* End XCBuildConfiguration section */

/* Begin XCConfigurationList section */
		4975253B21357E61000A47E5 /* Build configuration list for PBXProject "books" */ = {
			isa = XCConfigurationList;
			buildConfigurations = (
				4975255021357E63000A47E5 /* Debug */,
				4975255121357E63000A47E5 /* Release */,
			);
			defaultConfigurationIsVisible = 0;
			defaultConfigurationName = Release;
		};
		4975255221357E63000A47E5 /* Build configuration list for PBXNativeTarget "books" */ = {
			isa = XCConfigurationList;
			buildConfigurations = (
				4975255321357E63000A47E5 /* Debug */,
				4975255421357E63000A47E5 /* Release */,
			);
			defaultConfigurationIsVisible = 0;
			defaultConfigurationName = Release;
		};
		49A634832141F36E0050A67E /* Build configuration list for PBXNativeTarget "booksTests" */ = {
			isa = XCConfigurationList;
			buildConfigurations = (
				49A634842141F36E0050A67E /* Debug */,
				49A634852141F36E0050A67E /* Release */,
			);
			defaultConfigurationIsVisible = 0;
			defaultConfigurationName = Release;
		};
/* End XCConfigurationList section */
	};
	rootObject = 4975253821357E61000A47E5 /* Project object */;
}
